Microsoft Visual Studio Solution File, Format Version 12.00
# Visual Studio 2013
VisualStudioVersion = 12.0.30723.0
MinimumVisualStudioVersion = 10.0.40219.1
Project("{8BC9CEB8-8B4A-11D0-8D11-00A0C91BC942}") = "cefTLapp", "cefsimple.vcxproj", "{5390D142-473F-49A0-BC5E-5F6C609EEDB6}"
EndProject
Project("{8BC9CEB8-8B4A-11D0-8D11-00A0C91BC942}") = "libcef_dll_wrapper", "libcef_dll_wrapper.vcxproj", "{A9D6DC71-C0DC-4549-AEA0-3B15B44E86A9}"
EndProject
Project("{E24C65DC-7377-472B-9ABA-BC803B73C61A}") = "desktop", "http://localhost:61466", "{7C9E5C92-04E6-4EC2-9A96-B71EB67E93B0}"
	ProjectSection(WebsiteProperties) = preProject
		SccProjectName = "SAK"
		SccAuxPath = "SAK"
		SccLocalPath = "SAK"
		SccProvider = "SAK"
		UseIISExpress = "true"
		TargetFrameworkMoniker = ".NETFramework,Version%3Dv4.0"
		Debug.AspNetCompiler.VirtualPath = "/localhost_61466"
		Debug.AspNetCompiler.PhysicalPath = "..\desktop\"
		Debug.AspNetCompiler.TargetPath = "PrecompiledWeb\localhost_61466\"
		Debug.AspNetCompiler.Updateable = "true"
		Debug.AspNetCompiler.ForceOverwrite = "true"
		Debug.AspNetCompiler.FixedNames = "false"
		Debug.AspNetCompiler.Debug = "True"
		Release.AspNetCompiler.VirtualPath = "/localhost_61466"
		Release.AspNetCompiler.PhysicalPath = "..\desktop\"
		Release.AspNetCompiler.TargetPath = "PrecompiledWeb\localhost_61466\"
		Release.AspNetCompiler.Updateable = "true"
		Release.AspNetCompiler.ForceOverwrite = "true"
		Release.AspNetCompiler.FixedNames = "false"
		Release.AspNetCompiler.Debug = "False"
		SlnRelativePath = "..\desktop\"
	EndProjectSection
EndProject
Global
	GlobalSection(TeamFoundationVersionControl) = preSolution
		SccNumberOfProjects = 4
		SccEnterpriseProvider = {4CA58AB2-18FA-4F8D-95D4-32DDF27D184C}
		SccTeamFoundationServer = http://tfs:8080/tfs/defaultcollection
		SccLocalPath0 = .
		SccProjectUniqueName1 = cefsimple.vcxproj
		SccLocalPath1 = .
		SccProjectUniqueName2 = libcef_dll_wrapper.vcxproj
		SccLocalPath2 = .
		SccWebProject3 = true
		SccProjectUniqueName3 = http://localhost:61466
		SccProjectName3 = ../desktop
		SccLocalPath3 = ..\\desktop
		SccProjectEnlistmentChoice3 = 2
	EndGlobalSection
	GlobalSection(SolutionConfigurationPlatforms) = preSolution
		Debug|Any CPU = Debug|Any CPU
		Debug|Mixed Platforms = Debug|Mixed Platforms
		Debug|Win32 = Debug|Win32
		Debug|x64 = Debug|x64
		Release_setup|Any CPU = Release_setup|Any CPU
		Release_setup|Mixed Platforms = Release_setup|Mixed Platforms
		Release_setup|Win32 = Release_setup|Win32
		Release_setup|x64 = Release_setup|x64
		Release|Any CPU = Release|Any CPU
		Release|Mixed Platforms = Release|Mixed Platforms
		Release|Win32 = Release|Win32
		Release|x64 = Release|x64
	EndGlobalSection
	GlobalSection(ProjectConfigurationPlatforms) = postSolution
		{5390D142-473F-49A0-BC5E-5F6C609EEDB6}.Debug|Any CPU.ActiveCfg = Debug|Win32
		{5390D142-473F-49A0-BC5E-5F6C609EEDB6}.Debug|Mixed Platforms.ActiveCfg = Debug|Win32
		{5390D142-473F-49A0-BC5E-5F6C609EEDB6}.Debug|Mixed Platforms.Build.0 = Debug|Win32
		{5390D142-473F-49A0-BC5E-5F6C609EEDB6}.Debug|Win32.ActiveCfg = Debug|Win32
		{5390D142-473F-49A0-BC5E-5F6C609EEDB6}.Debug|Win32.Build.0 = Debug|Win32
		{5390D142-473F-49A0-BC5E-5F6C609EEDB6}.Debug|x64.ActiveCfg = Debug|x64
		{5390D142-473F-49A0-BC5E-5F6C609EEDB6}.Debug|x64.Build.0 = Debug|x64
		{5390D142-473F-49A0-BC5E-5F6C609EEDB6}.Release_setup|Any CPU.ActiveCfg = Release|Win32
		{5390D142-473F-49A0-BC5E-5F6C609EEDB6}.Release_setup|Mixed Platforms.ActiveCfg = Release|Win32
		{5390D142-473F-49A0-BC5E-5F6C609EEDB6}.Release_setup|Mixed Platforms.Build.0 = Release|Win32
		{5390D142-473F-49A0-BC5E-5F6C609EEDB6}.Release_setup|Win32.ActiveCfg = Release_setup|Win32
		{5390D142-473F-49A0-BC5E-5F6C609EEDB6}.Release_setup|Win32.Build.0 = Release_setup|Win32
		{5390D142-473F-49A0-BC5E-5F6C609EEDB6}.Release_setup|x64.ActiveCfg = Release|x64
		{5390D142-473F-49A0-BC5E-5F6C609EEDB6}.Release_setup|x64.Build.0 = Release|x64
		{5390D142-473F-49A0-BC5E-5F6C609EEDB6}.Release|Any CPU.ActiveCfg = Release|Win32
		{5390D142-473F-49A0-BC5E-5F6C609EEDB6}.Release|Mixed Platforms.ActiveCfg = Release|Win32
		{5390D142-473F-49A0-BC5E-5F6C609EEDB6}.Release|Mixed Platforms.Build.0 = Release|Win32
		{5390D142-473F-49A0-BC5E-5F6C609EEDB6}.Release|Win32.ActiveCfg = Release|Win32
		{5390D142-473F-49A0-BC5E-5F6C609EEDB6}.Release|Win32.Build.0 = Release|Win32
		{5390D142-473F-49A0-BC5E-5F6C609EEDB6}.Release|x64.ActiveCfg = Release|x64
		{5390D142-473F-49A0-BC5E-5F6C609EEDB6}.Release|x64.Build.0 = Release|x64
		{A9D6DC71-C0DC-4549-AEA0-3B15B44E86A9}.Debug|Any CPU.ActiveCfg = Debug|Win32
		{A9D6DC71-C0DC-4549-AEA0-3B15B44E86A9}.Debug|Mixed Platforms.ActiveCfg = Debug|Win32
		{A9D6DC71-C0DC-4549-AEA0-3B15B44E86A9}.Debug|Mixed Platforms.Build.0 = Debug|Win32
		{A9D6DC71-C0DC-4549-AEA0-3B15B44E86A9}.Debug|Win32.ActiveCfg = Debug|Win32
		{A9D6DC71-C0DC-4549-AEA0-3B15B44E86A9}.Debug|Win32.Build.0 = Debug|Win32
		{A9D6DC71-C0DC-4549-AEA0-3B15B44E86A9}.Debug|x64.ActiveCfg = Debug|x64
		{A9D6DC71-C0DC-4549-AEA0-3B15B44E86A9}.Debug|x64.Build.0 = Debug|x64
		{A9D6DC71-C0DC-4549-AEA0-3B15B44E86A9}.Release_setup|Any CPU.ActiveCfg = Release|Win32
		{A9D6DC71-C0DC-4549-AEA0-3B15B44E86A9}.Release_setup|Mixed Platforms.ActiveCfg = Release|Win32
		{A9D6DC71-C0DC-4549-AEA0-3B15B44E86A9}.Release_setup|Mixed Platforms.Build.0 = Release|Win32
		{A9D6DC71-C0DC-4549-AEA0-3B15B44E86A9}.Release_setup|Win32.ActiveCfg = Release_setup|Win32
		{A9D6DC71-C0DC-4549-AEA0-3B15B44E86A9}.Release_setup|Win32.Build.0 = Release_setup|Win32
		{A9D6DC71-C0DC-4549-AEA0-3B15B44E86A9}.Release_setup|x64.ActiveCfg = Release|x64
		{A9D6DC71-C0DC-4549-AEA0-3B15B44E86A9}.Release_setup|x64.Build.0 = Release|x64
		{A9D6DC71-C0DC-4549-AEA0-3B15B44E86A9}.Release|Any CPU.ActiveCfg = Release|Win32
		{A9D6DC71-C0DC-4549-AEA0-3B15B44E86A9}.Release|Mixed Platforms.ActiveCfg = Release|Win32
		{A9D6DC71-C0DC-4549-AEA0-3B15B44E86A9}.Release|Mixed Platforms.Build.0 = Release|Win32
		{A9D6DC71-C0DC-4549-AEA0-3B15B44E86A9}.Release|Win32.ActiveCfg = Release|Win32
		{A9D6DC71-C0DC-4549-AEA0-3B15B44E86A9}.Release|Win32.Build.0 = Release|Win32
		{A9D6DC71-C0DC-4549-AEA0-3B15B44E86A9}.Release|x64.ActiveCfg = Release|x64
		{A9D6DC71-C0DC-4549-AEA0-3B15B44E86A9}.Release|x64.Build.0 = Release|x64
		{7C9E5C92-04E6-4EC2-9A96-B71EB67E93B0}.Debug|Any CPU.ActiveCfg = Debug|Any CPU
		{7C9E5C92-04E6-4EC2-9A96-B71EB67E93B0}.Debug|Any CPU.Build.0 = Debug|Any CPU
		{7C9E5C92-04E6-4EC2-9A96-B71EB67E93B0}.Debug|Mixed Platforms.ActiveCfg = Debug|Any CPU
		{7C9E5C92-04E6-4EC2-9A96-B71EB67E93B0}.Debug|Mixed Platforms.Build.0 = Debug|Any CPU
		{7C9E5C92-04E6-4EC2-9A96-B71EB67E93B0}.Debug|Win32.ActiveCfg = Debug|Any CPU
		{7C9E5C92-04E6-4EC2-9A96-B71EB67E93B0}.Debug|x64.ActiveCfg = Debug|Any CPU
		{7C9E5C92-04E6-4EC2-9A96-B71EB67E93B0}.Release_setup|Any CPU.ActiveCfg = Debug|Any CPU
		{7C9E5C92-04E6-4EC2-9A96-B71EB67E93B0}.Release_setup|Any CPU.Build.0 = Debug|Any CPU
		{7C9E5C92-04E6-4EC2-9A96-B71EB67E93B0}.Release_setup|Mixed Platforms.ActiveCfg = Debug|Any CPU
		{7C9E5C92-04E6-4EC2-9A96-B71EB67E93B0}.Release_setup|Mixed Platforms.Build.0 = Debug|Any CPU
		{7C9E5C92-04E6-4EC2-9A96-B71EB67E93B0}.Release_setup|Win32.ActiveCfg = Debug|Any CPU
		{7C9E5C92-04E6-4EC2-9A96-B71EB67E93B0}.Release_setup|x64.ActiveCfg = Debug|Any CPU
		{7C9E5C92-04E6-4EC2-9A96-B71EB67E93B0}.Release|Any CPU.ActiveCfg = Debug|Any CPU
		{7C9E5C92-04E6-4EC2-9A96-B71EB67E93B0}.Release|Any CPU.Build.0 = Debug|Any CPU
		{7C9E5C92-04E6-4EC2-9A96-B71EB67E93B0}.Release|Mixed Platforms.ActiveCfg = Debug|Any CPU
		{7C9E5C92-04E6-4EC2-9A96-B71EB67E93B0}.Release|Mixed Platforms.Build.0 = Debug|Any CPU
		{7C9E5C92-04E6-4EC2-9A96-B71EB67E93B0}.Release|Win32.ActiveCfg = Debug|Any CPU
		{7C9E5C92-04E6-4EC2-9A96-B71EB67E93B0}.Release|x64.ActiveCfg = Debug|Any CPU
	EndGlobalSection
	GlobalSection(SolutionProperties) = preSolution
		HideSolutionNode = FALSE
	EndGlobalSection
EndGlobal
