Microsoft Visual Studio Solution File, Format Version 12.00
# Visual Studio 15
VisualStudioVersion = 15.0.27004.2008
MinimumVisualStudioVersion = 10.0.40219.1
Project("{8BC9CEB8-8B4A-11D0-8D11-00A0C91BC942}") = "cefTLapp", "cefsimple.vcxproj", "{5390D142-473F-49A0-BC5E-5F6C609EEDB6}"
EndProject
Project("{8BC9CEB8-8B4A-11D0-8D11-00A0C91BC942}") = "libcef_dll_wrapper", "libcef_dll_wrapper.vcxproj", "{A9D6DC71-C0DC-4549-AEA0-3B15B44E86A9}"
EndProject
Project("{E24C65DC-7377-472B-9ABA-BC803B73C61A}") = "res_wiki", "http://localhost:53878", "{4CA809E9-3133-4860-89B1-431D8F9CFAFD}"
	ProjectSection(WebsiteProperties) = preProject
		SccProjectName = "SAK"
		SccAuxPath = "SAK"
		SccLocalPath = "SAK"
		SccProvider = "SAK"
		UseIISExpress = "true"
		TargetFrameworkMoniker = ".NETFramework,Version%3Dv4.0"
		Debug.AspNetCompiler.VirtualPath = "/localhost_53878"
		Debug.AspNetCompiler.PhysicalPath = "cefTLapp\res_wiki\"
		Debug.AspNetCompiler.TargetPath = "PrecompiledWeb\localhost_53878\"
		Debug.AspNetCompiler.Updateable = "true"
		Debug.AspNetCompiler.ForceOverwrite = "true"
		Debug.AspNetCompiler.FixedNames = "false"
		Debug.AspNetCompiler.Debug = "True"
		Release.AspNetCompiler.VirtualPath = "/localhost_53878"
		Release.AspNetCompiler.PhysicalPath = "cefTLapp\res_wiki\"
		Release.AspNetCompiler.TargetPath = "PrecompiledWeb\localhost_53878\"
		Release.AspNetCompiler.Updateable = "true"
		Release.AspNetCompiler.ForceOverwrite = "true"
		Release.AspNetCompiler.FixedNames = "false"
		Release.AspNetCompiler.Debug = "False"
		SlnRelativePath = "cefTLapp\res_wiki\"
	EndProjectSection
EndProject
Project("{E24C65DC-7377-472B-9ABA-BC803B73C61A}") = "res", "http://localhost:58436", "{5D11E888-8C1D-4DF6-91FD-896A0C9584EA}"
	ProjectSection(WebsiteProperties) = preProject
		SccProjectName = "SAK"
		SccAuxPath = "SAK"
		SccLocalPath = "SAK"
		SccProvider = "SAK"
		UseIISExpress = "true"
		TargetFrameworkMoniker = ".NETFramework,Version%3Dv4.0"
		Debug.AspNetCompiler.VirtualPath = "/localhost_58436"
		Debug.AspNetCompiler.PhysicalPath = "cefTLapp\res\"
		Debug.AspNetCompiler.TargetPath = "PrecompiledWeb\localhost_58436\"
		Debug.AspNetCompiler.Updateable = "true"
		Debug.AspNetCompiler.ForceOverwrite = "true"
		Debug.AspNetCompiler.FixedNames = "false"
		Debug.AspNetCompiler.Debug = "True"
		Release.AspNetCompiler.VirtualPath = "/localhost_58436"
		Release.AspNetCompiler.PhysicalPath = "cefTLapp\res\"
		Release.AspNetCompiler.TargetPath = "PrecompiledWeb\localhost_58436\"
		Release.AspNetCompiler.Updateable = "true"
		Release.AspNetCompiler.ForceOverwrite = "true"
		Release.AspNetCompiler.FixedNames = "false"
		Release.AspNetCompiler.Debug = "False"
		SlnRelativePath = "cefTLapp\res\"
	EndProjectSection
EndProject
Project("{2150E333-8FDC-42A3-9474-1A3956D46DE8}") = "TranslationTool", "TranslationTool", "{5DDE6432-B0CB-4000-B4FD-FE3E54F15904}"
EndProject
Project("{2150E333-8FDC-42A3-9474-1A3956D46DE8}") = "WikiTranslator", "WikiTranslator", "{1826309A-4ABB-4BA7-B709-C944C1E2519D}"
EndProject
Project("{2150E333-8FDC-42A3-9474-1A3956D46DE8}") = "MTProTranslator", "MTProTranslator", "{E349F364-AA88-42AD-811A-96FA2362AB7B}"
EndProject
Project("{E24C65DC-7377-472B-9ABA-BC803B73C61A}") = "res_mtpro", "http://localhost:49580", "{1DB9BCC3-2690-4D90-9404-0DAE1F157FEF}"
	ProjectSection(WebsiteProperties) = preProject
		SccProjectName = "SAK"
		SccAuxPath = "SAK"
		SccLocalPath = "SAK"
		SccProvider = "SAK"
		UseIISExpress = "true"
		TargetFrameworkMoniker = ".NETFramework,Version%3Dv4.0"
		Debug.AspNetCompiler.VirtualPath = "/localhost_49580"
		Debug.AspNetCompiler.PhysicalPath = "cefTLapp\res_mtpro\"
		Debug.AspNetCompiler.TargetPath = "PrecompiledWeb\localhost_49580\"
		Debug.AspNetCompiler.Updateable = "true"
		Debug.AspNetCompiler.ForceOverwrite = "true"
		Debug.AspNetCompiler.FixedNames = "false"
		Debug.AspNetCompiler.Debug = "True"
		Release.AspNetCompiler.VirtualPath = "/localhost_49580"
		Release.AspNetCompiler.PhysicalPath = "cefTLapp\res_mtpro\"
		Release.AspNetCompiler.TargetPath = "PrecompiledWeb\localhost_49580\"
		Release.AspNetCompiler.Updateable = "true"
		Release.AspNetCompiler.ForceOverwrite = "true"
		Release.AspNetCompiler.FixedNames = "false"
		Release.AspNetCompiler.Debug = "False"
		SlnRelativePath = "cefTLapp\res_mtpro\"
	EndProjectSection
EndProject
Project("{2150E333-8FDC-42A3-9474-1A3956D46DE8}") = "Presidency2017", "Presidency2017", "{BE253E68-1FED-44DC-B7BE-35771EFFC036}"
EndProject
Project("{E24C65DC-7377-472B-9ABA-BC803B73C61A}") = "res_pr2017", "http://localhost:1514", "{03D70AE8-8795-4FD7-9153-35D2D31F9CF5}"
	ProjectSection(WebsiteProperties) = preProject
		UseIISExpress = "true"
		TargetFrameworkMoniker = ".NETFramework,Version%3Dv4.0"
		Debug.AspNetCompiler.VirtualPath = "/localhost_1514"
		Debug.AspNetCompiler.PhysicalPath = "cefTLapp\res_pr2017\"
		Debug.AspNetCompiler.TargetPath = "PrecompiledWeb\localhost_1514\"
		Debug.AspNetCompiler.Updateable = "true"
		Debug.AspNetCompiler.ForceOverwrite = "true"
		Debug.AspNetCompiler.FixedNames = "false"
		Debug.AspNetCompiler.Debug = "True"
		Release.AspNetCompiler.VirtualPath = "/localhost_1514"
		Release.AspNetCompiler.PhysicalPath = "cefTLapp\res_pr2017\"
		Release.AspNetCompiler.TargetPath = "PrecompiledWeb\localhost_1514\"
		Release.AspNetCompiler.Updateable = "true"
		Release.AspNetCompiler.ForceOverwrite = "true"
		Release.AspNetCompiler.FixedNames = "false"
		Release.AspNetCompiler.Debug = "False"
		SlnRelativePath = "cefTLapp\res_pr2017\"
	EndProjectSection
EndProject
Project("{2150E333-8FDC-42A3-9474-1A3956D46DE8}") = "Translate 2015", "Translate 2015", "{5F7EB13F-E1B2-4E1D-9C2E-33C5CF7AE419}"
EndProject
Project("{E24C65DC-7377-472B-9ABA-BC803B73C61A}") = "res_tr2015", "cefTLapp\res_tr2015\", "{9A16A574-D761-499D-AE92-2C1CBE2F1427}"
	ProjectSection(WebsiteProperties) = preProject
		TargetFrameworkMoniker = ".NETFramework,Version%3Dv4.0"
		Debug.AspNetCompiler.VirtualPath = "/localhost_55230"
		Debug.AspNetCompiler.PhysicalPath = "cefTLapp\res_tr2015\"
		Debug.AspNetCompiler.TargetPath = "PrecompiledWeb\localhost_55230\"
		Debug.AspNetCompiler.Updateable = "true"
		Debug.AspNetCompiler.ForceOverwrite = "true"
		Debug.AspNetCompiler.FixedNames = "false"
		Debug.AspNetCompiler.Debug = "True"
		Release.AspNetCompiler.VirtualPath = "/localhost_55230"
		Release.AspNetCompiler.PhysicalPath = "cefTLapp\res_tr2015\"
		Release.AspNetCompiler.TargetPath = "PrecompiledWeb\localhost_55230\"
		Release.AspNetCompiler.Updateable = "true"
		Release.AspNetCompiler.ForceOverwrite = "true"
		Release.AspNetCompiler.FixedNames = "false"
		Release.AspNetCompiler.Debug = "False"
		VWDPort = "55230"
		SlnRelativePath = "cefTLapp\res_tr2015\"
	EndProjectSection
EndProject
Global
	GlobalSection(SolutionConfigurationPlatforms) = preSolution
		Debug|Any CPU = Debug|Any CPU
		Debug|ARM = Debug|ARM
		Debug|Mixed Platforms = Debug|Mixed Platforms
		Debug|Win32 = Debug|Win32
		Debug|x64 = Debug|x64
		Debug|x86 = Debug|x86
		MTPro_setup|Any CPU = MTPro_setup|Any CPU
		MTPro_setup|ARM = MTPro_setup|ARM
		MTPro_setup|Mixed Platforms = MTPro_setup|Mixed Platforms
		MTPro_setup|Win32 = MTPro_setup|Win32
		MTPro_setup|x64 = MTPro_setup|x64
		MTPro_setup|x86 = MTPro_setup|x86
		MTPro|Any CPU = MTPro|Any CPU
		MTPro|ARM = MTPro|ARM
		MTPro|Mixed Platforms = MTPro|Mixed Platforms
		MTPro|Win32 = MTPro|Win32
		MTPro|x64 = MTPro|x64
		MTPro|x86 = MTPro|x86
		Release_Presidency|Any CPU = Release_Presidency|Any CPU
		Release_Presidency|ARM = Release_Presidency|ARM
		Release_Presidency|Mixed Platforms = Release_Presidency|Mixed Platforms
		Release_Presidency|Win32 = Release_Presidency|Win32
		Release_Presidency|x64 = Release_Presidency|x64
		Release_Presidency|x86 = Release_Presidency|x86
		Release_setup|Any CPU = Release_setup|Any CPU
		Release_setup|ARM = Release_setup|ARM
		Release_setup|Mixed Platforms = Release_setup|Mixed Platforms
		Release_setup|Win32 = Release_setup|Win32
		Release_setup|x64 = Release_setup|x64
		Release_setup|x86 = Release_setup|x86
		Release|Any CPU = Release|Any CPU
		Release|ARM = Release|ARM
		Release|Mixed Platforms = Release|Mixed Platforms
		Release|Win32 = Release|Win32
		Release|x64 = Release|x64
		Release|x86 = Release|x86
		Wiki_setup|Any CPU = Wiki_setup|Any CPU
		Wiki_setup|ARM = Wiki_setup|ARM
		Wiki_setup|Mixed Platforms = Wiki_setup|Mixed Platforms
		Wiki_setup|Win32 = Wiki_setup|Win32
		Wiki_setup|x64 = Wiki_setup|x64
		Wiki_setup|x86 = Wiki_setup|x86
		Wiki|Any CPU = Wiki|Any CPU
		Wiki|ARM = Wiki|ARM
		Wiki|Mixed Platforms = Wiki|Mixed Platforms
		Wiki|Win32 = Wiki|Win32
		Wiki|x64 = Wiki|x64
		Wiki|x86 = Wiki|x86
	EndGlobalSection
	GlobalSection(ProjectConfigurationPlatforms) = postSolution
		{5390D142-473F-49A0-BC5E-5F6C609EEDB6}.Debug|Any CPU.ActiveCfg = Debug|Win32
		{5390D142-473F-49A0-BC5E-5F6C609EEDB6}.Debug|ARM.ActiveCfg = Debug|Win32
		{5390D142-473F-49A0-BC5E-5F6C609EEDB6}.Debug|Mixed Platforms.ActiveCfg = Debug|Win32
		{5390D142-473F-49A0-BC5E-5F6C609EEDB6}.Debug|Mixed Platforms.Build.0 = Debug|Win32
		{5390D142-473F-49A0-BC5E-5F6C609EEDB6}.Debug|Win32.ActiveCfg = Debug|Win32
		{5390D142-473F-49A0-BC5E-5F6C609EEDB6}.Debug|Win32.Build.0 = Debug|Win32
		{5390D142-473F-49A0-BC5E-5F6C609EEDB6}.Debug|x64.ActiveCfg = Debug|x64
		{5390D142-473F-49A0-BC5E-5F6C609EEDB6}.Debug|x64.Build.0 = Debug|x64
		{5390D142-473F-49A0-BC5E-5F6C609EEDB6}.Debug|x86.ActiveCfg = Debug|Win32
		{5390D142-473F-49A0-BC5E-5F6C609EEDB6}.Debug|x86.Build.0 = Debug|Win32
		{5390D142-473F-49A0-BC5E-5F6C609EEDB6}.MTPro_setup|Any CPU.ActiveCfg = Release|Win32
		{5390D142-473F-49A0-BC5E-5F6C609EEDB6}.MTPro_setup|ARM.ActiveCfg = Release_setup|Win32
		{5390D142-473F-49A0-BC5E-5F6C609EEDB6}.MTPro_setup|Mixed Platforms.ActiveCfg = MTPro_setup|Win32
		{5390D142-473F-49A0-BC5E-5F6C609EEDB6}.MTPro_setup|Mixed Platforms.Build.0 = MTPro_setup|Win32
		{5390D142-473F-49A0-BC5E-5F6C609EEDB6}.MTPro_setup|Win32.ActiveCfg = Release_setup|Win32
		{5390D142-473F-49A0-BC5E-5F6C609EEDB6}.MTPro_setup|Win32.Build.0 = Release_setup|Win32
		{5390D142-473F-49A0-BC5E-5F6C609EEDB6}.MTPro_setup|x64.ActiveCfg = Release|x64
		{5390D142-473F-49A0-BC5E-5F6C609EEDB6}.MTPro_setup|x64.Build.0 = Release|x64
		{5390D142-473F-49A0-BC5E-5F6C609EEDB6}.MTPro_setup|x86.ActiveCfg = Release_setup|Win32
		{5390D142-473F-49A0-BC5E-5F6C609EEDB6}.MTPro_setup|x86.Build.0 = Release_setup|Win32
		{5390D142-473F-49A0-BC5E-5F6C609EEDB6}.MTPro|Any CPU.ActiveCfg = Release|Win32
		{5390D142-473F-49A0-BC5E-5F6C609EEDB6}.MTPro|ARM.ActiveCfg = Release|Win32
		{5390D142-473F-49A0-BC5E-5F6C609EEDB6}.MTPro|Mixed Platforms.ActiveCfg = MTPro|Win32
		{5390D142-473F-49A0-BC5E-5F6C609EEDB6}.MTPro|Mixed Platforms.Build.0 = MTPro|Win32
		{5390D142-473F-49A0-BC5E-5F6C609EEDB6}.MTPro|Win32.ActiveCfg = Release|Win32
		{5390D142-473F-49A0-BC5E-5F6C609EEDB6}.MTPro|Win32.Build.0 = Release|Win32
		{5390D142-473F-49A0-BC5E-5F6C609EEDB6}.MTPro|x64.ActiveCfg = Release|x64
		{5390D142-473F-49A0-BC5E-5F6C609EEDB6}.MTPro|x64.Build.0 = Release|x64
		{5390D142-473F-49A0-BC5E-5F6C609EEDB6}.MTPro|x86.ActiveCfg = Release|Win32
		{5390D142-473F-49A0-BC5E-5F6C609EEDB6}.MTPro|x86.Build.0 = Release|Win32
		{5390D142-473F-49A0-BC5E-5F6C609EEDB6}.Release_Presidency|Any CPU.ActiveCfg = Wiki|x64
		{5390D142-473F-49A0-BC5E-5F6C609EEDB6}.Release_Presidency|Any CPU.Deploy.0 = Wiki|x64
		{5390D142-473F-49A0-BC5E-5F6C609EEDB6}.Release_Presidency|ARM.ActiveCfg = Wiki|x64
		{5390D142-473F-49A0-BC5E-5F6C609EEDB6}.Release_Presidency|ARM.Deploy.0 = Wiki|x64
		{5390D142-473F-49A0-BC5E-5F6C609EEDB6}.Release_Presidency|Mixed Platforms.ActiveCfg = Wiki|x64
		{5390D142-473F-49A0-BC5E-5F6C609EEDB6}.Release_Presidency|Win32.ActiveCfg = Wiki|x64
		{5390D142-473F-49A0-BC5E-5F6C609EEDB6}.Release_Presidency|Win32.Deploy.0 = Release_setup|Win32
		{5390D142-473F-49A0-BC5E-5F6C609EEDB6}.Release_Presidency|x64.ActiveCfg = Wiki|x64
		{5390D142-473F-49A0-BC5E-5F6C609EEDB6}.Release_Presidency|x64.Deploy.0 = Release_setup|x64
		{5390D142-473F-49A0-BC5E-5F6C609EEDB6}.Release_Presidency|x86.ActiveCfg = Wiki|x64
		{5390D142-473F-49A0-BC5E-5F6C609EEDB6}.Release_setup|Any CPU.ActiveCfg = Release|Win32
		{5390D142-473F-49A0-BC5E-5F6C609EEDB6}.Release_setup|ARM.ActiveCfg = Release_setup|Win32
		{5390D142-473F-49A0-BC5E-5F6C609EEDB6}.Release_setup|Mixed Platforms.ActiveCfg = Release|Win32
		{5390D142-473F-49A0-BC5E-5F6C609EEDB6}.Release_setup|Mixed Platforms.Build.0 = Release|Win32
		{5390D142-473F-49A0-BC5E-5F6C609EEDB6}.Release_setup|Win32.ActiveCfg = Release_setup|Win32
		{5390D142-473F-49A0-BC5E-5F6C609EEDB6}.Release_setup|Win32.Build.0 = Release_setup|Win32
		{5390D142-473F-49A0-BC5E-5F6C609EEDB6}.Release_setup|x64.ActiveCfg = Release|x64
		{5390D142-473F-49A0-BC5E-5F6C609EEDB6}.Release_setup|x64.Build.0 = Release|x64
		{5390D142-473F-49A0-BC5E-5F6C609EEDB6}.Release_setup|x86.ActiveCfg = Release_setup|Win32
		{5390D142-473F-49A0-BC5E-5F6C609EEDB6}.Release_setup|x86.Build.0 = Release_setup|Win32
		{5390D142-473F-49A0-BC5E-5F6C609EEDB6}.Release|Any CPU.ActiveCfg = Release|Win32
		{5390D142-473F-49A0-BC5E-5F6C609EEDB6}.Release|ARM.ActiveCfg = Release|Win32
		{5390D142-473F-49A0-BC5E-5F6C609EEDB6}.Release|Mixed Platforms.ActiveCfg = Release|Win32
		{5390D142-473F-49A0-BC5E-5F6C609EEDB6}.Release|Mixed Platforms.Build.0 = Release|Win32
		{5390D142-473F-49A0-BC5E-5F6C609EEDB6}.Release|Win32.ActiveCfg = Release|Win32
		{5390D142-473F-49A0-BC5E-5F6C609EEDB6}.Release|Win32.Build.0 = Release|Win32
		{5390D142-473F-49A0-BC5E-5F6C609EEDB6}.Release|x64.ActiveCfg = Release|x64
		{5390D142-473F-49A0-BC5E-5F6C609EEDB6}.Release|x64.Build.0 = Release|x64
		{5390D142-473F-49A0-BC5E-5F6C609EEDB6}.Release|x86.ActiveCfg = Release|Win32
		{5390D142-473F-49A0-BC5E-5F6C609EEDB6}.Release|x86.Build.0 = Release|Win32
		{5390D142-473F-49A0-BC5E-5F6C609EEDB6}.Wiki_setup|Any CPU.ActiveCfg = Release|Win32
		{5390D142-473F-49A0-BC5E-5F6C609EEDB6}.Wiki_setup|ARM.ActiveCfg = Release_setup|Win32
		{5390D142-473F-49A0-BC5E-5F6C609EEDB6}.Wiki_setup|Mixed Platforms.ActiveCfg = Wiki_setup|Win32
		{5390D142-473F-49A0-BC5E-5F6C609EEDB6}.Wiki_setup|Mixed Platforms.Build.0 = Wiki_setup|Win32
		{5390D142-473F-49A0-BC5E-5F6C609EEDB6}.Wiki_setup|Win32.ActiveCfg = Release_setup|Win32
		{5390D142-473F-49A0-BC5E-5F6C609EEDB6}.Wiki_setup|Win32.Build.0 = Release_setup|Win32
		{5390D142-473F-49A0-BC5E-5F6C609EEDB6}.Wiki_setup|x64.ActiveCfg = Release|x64
		{5390D142-473F-49A0-BC5E-5F6C609EEDB6}.Wiki_setup|x64.Build.0 = Release|x64
		{5390D142-473F-49A0-BC5E-5F6C609EEDB6}.Wiki_setup|x86.ActiveCfg = Release_setup|Win32
		{5390D142-473F-49A0-BC5E-5F6C609EEDB6}.Wiki_setup|x86.Build.0 = Release_setup|Win32
		{5390D142-473F-49A0-BC5E-5F6C609EEDB6}.Wiki|Any CPU.ActiveCfg = Release|Win32
		{5390D142-473F-49A0-BC5E-5F6C609EEDB6}.Wiki|ARM.ActiveCfg = Release|Win32
		{5390D142-473F-49A0-BC5E-5F6C609EEDB6}.Wiki|Mixed Platforms.ActiveCfg = Wiki|Win32
		{5390D142-473F-49A0-BC5E-5F6C609EEDB6}.Wiki|Mixed Platforms.Build.0 = Wiki|Win32
		{5390D142-473F-49A0-BC5E-5F6C609EEDB6}.Wiki|Win32.ActiveCfg = Release|Win32
		{5390D142-473F-49A0-BC5E-5F6C609EEDB6}.Wiki|Win32.Build.0 = Release|Win32
		{5390D142-473F-49A0-BC5E-5F6C609EEDB6}.Wiki|x64.ActiveCfg = Release|x64
		{5390D142-473F-49A0-BC5E-5F6C609EEDB6}.Wiki|x64.Build.0 = Release|x64
		{5390D142-473F-49A0-BC5E-5F6C609EEDB6}.Wiki|x86.ActiveCfg = Release|Win32
		{5390D142-473F-49A0-BC5E-5F6C609EEDB6}.Wiki|x86.Build.0 = Release|Win32
		{A9D6DC71-C0DC-4549-AEA0-3B15B44E86A9}.Debug|Any CPU.ActiveCfg = Debug|Win32
		{A9D6DC71-C0DC-4549-AEA0-3B15B44E86A9}.Debug|ARM.ActiveCfg = Debug|Win32
		{A9D6DC71-C0DC-4549-AEA0-3B15B44E86A9}.Debug|Mixed Platforms.ActiveCfg = Debug|Win32
		{A9D6DC71-C0DC-4549-AEA0-3B15B44E86A9}.Debug|Mixed Platforms.Build.0 = Debug|Win32
		{A9D6DC71-C0DC-4549-AEA0-3B15B44E86A9}.Debug|Win32.ActiveCfg = Debug|Win32
		{A9D6DC71-C0DC-4549-AEA0-3B15B44E86A9}.Debug|Win32.Build.0 = Debug|Win32
		{A9D6DC71-C0DC-4549-AEA0-3B15B44E86A9}.Debug|x64.ActiveCfg = Debug|x64
		{A9D6DC71-C0DC-4549-AEA0-3B15B44E86A9}.Debug|x64.Build.0 = Debug|x64
		{A9D6DC71-C0DC-4549-AEA0-3B15B44E86A9}.Debug|x86.ActiveCfg = Debug|Win32
		{A9D6DC71-C0DC-4549-AEA0-3B15B44E86A9}.Debug|x86.Build.0 = Debug|Win32
		{A9D6DC71-C0DC-4549-AEA0-3B15B44E86A9}.MTPro_setup|Any CPU.ActiveCfg = Release|Win32
		{A9D6DC71-C0DC-4549-AEA0-3B15B44E86A9}.MTPro_setup|ARM.ActiveCfg = Release_setup|Win32
		{A9D6DC71-C0DC-4549-AEA0-3B15B44E86A9}.MTPro_setup|Mixed Platforms.ActiveCfg = MTPro_setup|Win32
		{A9D6DC71-C0DC-4549-AEA0-3B15B44E86A9}.MTPro_setup|Mixed Platforms.Build.0 = MTPro_setup|Win32
		{A9D6DC71-C0DC-4549-AEA0-3B15B44E86A9}.MTPro_setup|Win32.ActiveCfg = Release_setup|Win32
		{A9D6DC71-C0DC-4549-AEA0-3B15B44E86A9}.MTPro_setup|Win32.Build.0 = Release_setup|Win32
		{A9D6DC71-C0DC-4549-AEA0-3B15B44E86A9}.MTPro_setup|x64.ActiveCfg = Release|x64
		{A9D6DC71-C0DC-4549-AEA0-3B15B44E86A9}.MTPro_setup|x64.Build.0 = Release|x64
		{A9D6DC71-C0DC-4549-AEA0-3B15B44E86A9}.MTPro_setup|x86.ActiveCfg = Release_setup|Win32
		{A9D6DC71-C0DC-4549-AEA0-3B15B44E86A9}.MTPro_setup|x86.Build.0 = Release_setup|Win32
		{A9D6DC71-C0DC-4549-AEA0-3B15B44E86A9}.MTPro|Any CPU.ActiveCfg = Release|Win32
		{A9D6DC71-C0DC-4549-AEA0-3B15B44E86A9}.MTPro|ARM.ActiveCfg = Release|Win32
		{A9D6DC71-C0DC-4549-AEA0-3B15B44E86A9}.MTPro|Mixed Platforms.ActiveCfg = Release|Win32
		{A9D6DC71-C0DC-4549-AEA0-3B15B44E86A9}.MTPro|Mixed Platforms.Build.0 = Release|Win32
		{A9D6DC71-C0DC-4549-AEA0-3B15B44E86A9}.MTPro|Win32.ActiveCfg = Release|Win32
		{A9D6DC71-C0DC-4549-AEA0-3B15B44E86A9}.MTPro|Win32.Build.0 = Release|Win32
		{A9D6DC71-C0DC-4549-AEA0-3B15B44E86A9}.MTPro|x64.ActiveCfg = Release|x64
		{A9D6DC71-C0DC-4549-AEA0-3B15B44E86A9}.MTPro|x64.Build.0 = Release|x64
		{A9D6DC71-C0DC-4549-AEA0-3B15B44E86A9}.MTPro|x86.ActiveCfg = Release|Win32
		{A9D6DC71-C0DC-4549-AEA0-3B15B44E86A9}.MTPro|x86.Build.0 = Release|Win32
		{A9D6DC71-C0DC-4549-AEA0-3B15B44E86A9}.Release_Presidency|Any CPU.ActiveCfg = Wiki_setup|x64
		{A9D6DC71-C0DC-4549-AEA0-3B15B44E86A9}.Release_Presidency|Any CPU.Deploy.0 = Wiki_setup|x64
		{A9D6DC71-C0DC-4549-AEA0-3B15B44E86A9}.Release_Presidency|ARM.ActiveCfg = Wiki_setup|x64
		{A9D6DC71-C0DC-4549-AEA0-3B15B44E86A9}.Release_Presidency|ARM.Deploy.0 = Wiki_setup|x64
		{A9D6DC71-C0DC-4549-AEA0-3B15B44E86A9}.Release_Presidency|Mixed Platforms.ActiveCfg = Wiki_setup|x64
		{A9D6DC71-C0DC-4549-AEA0-3B15B44E86A9}.Release_Presidency|Win32.ActiveCfg = Wiki_setup|x64
		{A9D6DC71-C0DC-4549-AEA0-3B15B44E86A9}.Release_Presidency|Win32.Deploy.0 = Release_setup|Win32
		{A9D6DC71-C0DC-4549-AEA0-3B15B44E86A9}.Release_Presidency|x64.ActiveCfg = Wiki_setup|x64
		{A9D6DC71-C0DC-4549-AEA0-3B15B44E86A9}.Release_Presidency|x64.Deploy.0 = Release_setup|x64
		{A9D6DC71-C0DC-4549-AEA0-3B15B44E86A9}.Release_Presidency|x86.ActiveCfg = Wiki_setup|x64
		{A9D6DC71-C0DC-4549-AEA0-3B15B44E86A9}.Release_setup|Any CPU.ActiveCfg = Release|Win32
		{A9D6DC71-C0DC-4549-AEA0-3B15B44E86A9}.Release_setup|ARM.ActiveCfg = Release_setup|Win32
		{A9D6DC71-C0DC-4549-AEA0-3B15B44E86A9}.Release_setup|Mixed Platforms.ActiveCfg = Release|Win32
		{A9D6DC71-C0DC-4549-AEA0-3B15B44E86A9}.Release_setup|Mixed Platforms.Build.0 = Release|Win32
		{A9D6DC71-C0DC-4549-AEA0-3B15B44E86A9}.Release_setup|Win32.ActiveCfg = Release_setup|Win32
		{A9D6DC71-C0DC-4549-AEA0-3B15B44E86A9}.Release_setup|Win32.Build.0 = Release_setup|Win32
		{A9D6DC71-C0DC-4549-AEA0-3B15B44E86A9}.Release_setup|x64.ActiveCfg = Release|x64
		{A9D6DC71-C0DC-4549-AEA0-3B15B44E86A9}.Release_setup|x64.Build.0 = Release|x64
		{A9D6DC71-C0DC-4549-AEA0-3B15B44E86A9}.Release_setup|x86.ActiveCfg = Release_setup|Win32
		{A9D6DC71-C0DC-4549-AEA0-3B15B44E86A9}.Release_setup|x86.Build.0 = Release_setup|Win32
		{A9D6DC71-C0DC-4549-AEA0-3B15B44E86A9}.Release|Any CPU.ActiveCfg = Release|Win32
		{A9D6DC71-C0DC-4549-AEA0-3B15B44E86A9}.Release|ARM.ActiveCfg = Release|Win32
		{A9D6DC71-C0DC-4549-AEA0-3B15B44E86A9}.Release|Mixed Platforms.ActiveCfg = Release|Win32
		{A9D6DC71-C0DC-4549-AEA0-3B15B44E86A9}.Release|Mixed Platforms.Build.0 = Release|Win32
		{A9D6DC71-C0DC-4549-AEA0-3B15B44E86A9}.Release|Win32.ActiveCfg = Release|Win32
		{A9D6DC71-C0DC-4549-AEA0-3B15B44E86A9}.Release|Win32.Build.0 = Release|Win32
		{A9D6DC71-C0DC-4549-AEA0-3B15B44E86A9}.Release|x64.ActiveCfg = Release|x64
		{A9D6DC71-C0DC-4549-AEA0-3B15B44E86A9}.Release|x64.Build.0 = Release|x64
		{A9D6DC71-C0DC-4549-AEA0-3B15B44E86A9}.Release|x86.ActiveCfg = Release|Win32
		{A9D6DC71-C0DC-4549-AEA0-3B15B44E86A9}.Release|x86.Build.0 = Release|Win32
		{A9D6DC71-C0DC-4549-AEA0-3B15B44E86A9}.Wiki_setup|Any CPU.ActiveCfg = Release|Win32
		{A9D6DC71-C0DC-4549-AEA0-3B15B44E86A9}.Wiki_setup|ARM.ActiveCfg = Release_setup|Win32
		{A9D6DC71-C0DC-4549-AEA0-3B15B44E86A9}.Wiki_setup|Mixed Platforms.ActiveCfg = Wiki_setup|Win32
		{A9D6DC71-C0DC-4549-AEA0-3B15B44E86A9}.Wiki_setup|Mixed Platforms.Build.0 = Wiki_setup|Win32
		{A9D6DC71-C0DC-4549-AEA0-3B15B44E86A9}.Wiki_setup|Win32.ActiveCfg = Release_setup|Win32
		{A9D6DC71-C0DC-4549-AEA0-3B15B44E86A9}.Wiki_setup|Win32.Build.0 = Release_setup|Win32
		{A9D6DC71-C0DC-4549-AEA0-3B15B44E86A9}.Wiki_setup|x64.ActiveCfg = Release|x64
		{A9D6DC71-C0DC-4549-AEA0-3B15B44E86A9}.Wiki_setup|x64.Build.0 = Release|x64
		{A9D6DC71-C0DC-4549-AEA0-3B15B44E86A9}.Wiki_setup|x86.ActiveCfg = Release_setup|Win32
		{A9D6DC71-C0DC-4549-AEA0-3B15B44E86A9}.Wiki_setup|x86.Build.0 = Release_setup|Win32
		{A9D6DC71-C0DC-4549-AEA0-3B15B44E86A9}.Wiki|Any CPU.ActiveCfg = Release|Win32
		{A9D6DC71-C0DC-4549-AEA0-3B15B44E86A9}.Wiki|ARM.ActiveCfg = Release|Win32
		{A9D6DC71-C0DC-4549-AEA0-3B15B44E86A9}.Wiki|Mixed Platforms.ActiveCfg = Release|Win32
		{A9D6DC71-C0DC-4549-AEA0-3B15B44E86A9}.Wiki|Mixed Platforms.Build.0 = Release|Win32
		{A9D6DC71-C0DC-4549-AEA0-3B15B44E86A9}.Wiki|Win32.ActiveCfg = Release|Win32
		{A9D6DC71-C0DC-4549-AEA0-3B15B44E86A9}.Wiki|Win32.Build.0 = Release|Win32
		{A9D6DC71-C0DC-4549-AEA0-3B15B44E86A9}.Wiki|x64.ActiveCfg = Release|x64
		{A9D6DC71-C0DC-4549-AEA0-3B15B44E86A9}.Wiki|x64.Build.0 = Release|x64
		{A9D6DC71-C0DC-4549-AEA0-3B15B44E86A9}.Wiki|x86.ActiveCfg = Release|Win32
		{A9D6DC71-C0DC-4549-AEA0-3B15B44E86A9}.Wiki|x86.Build.0 = Release|Win32
		{4CA809E9-3133-4860-89B1-431D8F9CFAFD}.Debug|Any CPU.ActiveCfg = Debug|Any CPU
		{4CA809E9-3133-4860-89B1-431D8F9CFAFD}.Debug|Any CPU.Build.0 = Debug|Any CPU
		{4CA809E9-3133-4860-89B1-431D8F9CFAFD}.Debug|ARM.ActiveCfg = Debug|Any CPU
		{4CA809E9-3133-4860-89B1-431D8F9CFAFD}.Debug|Mixed Platforms.ActiveCfg = Debug|Any CPU
		{4CA809E9-3133-4860-89B1-431D8F9CFAFD}.Debug|Mixed Platforms.Build.0 = Debug|Any CPU
		{4CA809E9-3133-4860-89B1-431D8F9CFAFD}.Debug|Win32.ActiveCfg = Debug|Any CPU
		{4CA809E9-3133-4860-89B1-431D8F9CFAFD}.Debug|x64.ActiveCfg = Debug|Any CPU
		{4CA809E9-3133-4860-89B1-431D8F9CFAFD}.Debug|x86.ActiveCfg = Debug|Any CPU
		{4CA809E9-3133-4860-89B1-431D8F9CFAFD}.MTPro_setup|Any CPU.ActiveCfg = Debug|Any CPU
		{4CA809E9-3133-4860-89B1-431D8F9CFAFD}.MTPro_setup|Any CPU.Build.0 = Debug|Any CPU
		{4CA809E9-3133-4860-89B1-431D8F9CFAFD}.MTPro_setup|ARM.ActiveCfg = Debug|Any CPU
		{4CA809E9-3133-4860-89B1-431D8F9CFAFD}.MTPro_setup|Mixed Platforms.ActiveCfg = Debug|Any CPU
		{4CA809E9-3133-4860-89B1-431D8F9CFAFD}.MTPro_setup|Win32.ActiveCfg = Debug|Any CPU
		{4CA809E9-3133-4860-89B1-431D8F9CFAFD}.MTPro_setup|x64.ActiveCfg = Debug|Any CPU
		{4CA809E9-3133-4860-89B1-431D8F9CFAFD}.MTPro_setup|x86.ActiveCfg = Debug|Any CPU
		{4CA809E9-3133-4860-89B1-431D8F9CFAFD}.MTPro|Any CPU.ActiveCfg = Debug|Any CPU
		{4CA809E9-3133-4860-89B1-431D8F9CFAFD}.MTPro|Any CPU.Build.0 = Debug|Any CPU
		{4CA809E9-3133-4860-89B1-431D8F9CFAFD}.MTPro|ARM.ActiveCfg = Debug|Any CPU
		{4CA809E9-3133-4860-89B1-431D8F9CFAFD}.MTPro|Mixed Platforms.ActiveCfg = Debug|Any CPU
		{4CA809E9-3133-4860-89B1-431D8F9CFAFD}.MTPro|Mixed Platforms.Build.0 = Debug|Any CPU
		{4CA809E9-3133-4860-89B1-431D8F9CFAFD}.MTPro|Win32.ActiveCfg = Debug|Any CPU
		{4CA809E9-3133-4860-89B1-431D8F9CFAFD}.MTPro|x64.ActiveCfg = Debug|Any CPU
		{4CA809E9-3133-4860-89B1-431D8F9CFAFD}.MTPro|x86.ActiveCfg = Debug|Any CPU
		{4CA809E9-3133-4860-89B1-431D8F9CFAFD}.Release_Presidency|Any CPU.ActiveCfg = Debug|Any CPU
		{4CA809E9-3133-4860-89B1-431D8F9CFAFD}.Release_Presidency|ARM.ActiveCfg = Debug|Any CPU
		{4CA809E9-3133-4860-89B1-431D8F9CFAFD}.Release_Presidency|Mixed Platforms.ActiveCfg = Debug|Any CPU
		{4CA809E9-3133-4860-89B1-431D8F9CFAFD}.Release_Presidency|Win32.ActiveCfg = Debug|Any CPU
		{4CA809E9-3133-4860-89B1-431D8F9CFAFD}.Release_Presidency|x64.ActiveCfg = Debug|Any CPU
		{4CA809E9-3133-4860-89B1-431D8F9CFAFD}.Release_Presidency|x86.ActiveCfg = Debug|Any CPU
		{4CA809E9-3133-4860-89B1-431D8F9CFAFD}.Release_setup|Any CPU.ActiveCfg = Debug|Any CPU
		{4CA809E9-3133-4860-89B1-431D8F9CFAFD}.Release_setup|Any CPU.Build.0 = Debug|Any CPU
		{4CA809E9-3133-4860-89B1-431D8F9CFAFD}.Release_setup|ARM.ActiveCfg = Debug|Any CPU
		{4CA809E9-3133-4860-89B1-431D8F9CFAFD}.Release_setup|Mixed Platforms.ActiveCfg = Debug|Any CPU
		{4CA809E9-3133-4860-89B1-431D8F9CFAFD}.Release_setup|Win32.ActiveCfg = Debug|Any CPU
		{4CA809E9-3133-4860-89B1-431D8F9CFAFD}.Release_setup|x64.ActiveCfg = Debug|Any CPU
		{4CA809E9-3133-4860-89B1-431D8F9CFAFD}.Release_setup|x86.ActiveCfg = Debug|Any CPU
		{4CA809E9-3133-4860-89B1-431D8F9CFAFD}.Release|Any CPU.ActiveCfg = Debug|Any CPU
		{4CA809E9-3133-4860-89B1-431D8F9CFAFD}.Release|Any CPU.Build.0 = Debug|Any CPU
		{4CA809E9-3133-4860-89B1-431D8F9CFAFD}.Release|ARM.ActiveCfg = Debug|Any CPU
		{4CA809E9-3133-4860-89B1-431D8F9CFAFD}.Release|Mixed Platforms.ActiveCfg = Debug|Any CPU
		{4CA809E9-3133-4860-89B1-431D8F9CFAFD}.Release|Mixed Platforms.Build.0 = Debug|Any CPU
		{4CA809E9-3133-4860-89B1-431D8F9CFAFD}.Release|Win32.ActiveCfg = Debug|Any CPU
		{4CA809E9-3133-4860-89B1-431D8F9CFAFD}.Release|x64.ActiveCfg = Debug|Any CPU
		{4CA809E9-3133-4860-89B1-431D8F9CFAFD}.Release|x86.ActiveCfg = Debug|Any CPU
		{4CA809E9-3133-4860-89B1-431D8F9CFAFD}.Wiki_setup|Any CPU.ActiveCfg = Debug|Any CPU
		{4CA809E9-3133-4860-89B1-431D8F9CFAFD}.Wiki_setup|Any CPU.Build.0 = Debug|Any CPU
		{4CA809E9-3133-4860-89B1-431D8F9CFAFD}.Wiki_setup|ARM.ActiveCfg = Debug|Any CPU
		{4CA809E9-3133-4860-89B1-431D8F9CFAFD}.Wiki_setup|Mixed Platforms.ActiveCfg = Debug|Any CPU
		{4CA809E9-3133-4860-89B1-431D8F9CFAFD}.Wiki_setup|Win32.ActiveCfg = Debug|Any CPU
		{4CA809E9-3133-4860-89B1-431D8F9CFAFD}.Wiki_setup|x64.ActiveCfg = Debug|Any CPU
		{4CA809E9-3133-4860-89B1-431D8F9CFAFD}.Wiki_setup|x86.ActiveCfg = Debug|Any CPU
		{4CA809E9-3133-4860-89B1-431D8F9CFAFD}.Wiki|Any CPU.ActiveCfg = Debug|Any CPU
		{4CA809E9-3133-4860-89B1-431D8F9CFAFD}.Wiki|Any CPU.Build.0 = Debug|Any CPU
		{4CA809E9-3133-4860-89B1-431D8F9CFAFD}.Wiki|ARM.ActiveCfg = Debug|Any CPU
		{4CA809E9-3133-4860-89B1-431D8F9CFAFD}.Wiki|Mixed Platforms.ActiveCfg = Debug|Any CPU
		{4CA809E9-3133-4860-89B1-431D8F9CFAFD}.Wiki|Mixed Platforms.Build.0 = Debug|Any CPU
		{4CA809E9-3133-4860-89B1-431D8F9CFAFD}.Wiki|Win32.ActiveCfg = Debug|Any CPU
		{4CA809E9-3133-4860-89B1-431D8F9CFAFD}.Wiki|x64.ActiveCfg = Debug|Any CPU
		{4CA809E9-3133-4860-89B1-431D8F9CFAFD}.Wiki|x86.ActiveCfg = Debug|Any CPU
		{5D11E888-8C1D-4DF6-91FD-896A0C9584EA}.Debug|Any CPU.ActiveCfg = Debug|Any CPU
		{5D11E888-8C1D-4DF6-91FD-896A0C9584EA}.Debug|Any CPU.Build.0 = Debug|Any CPU
		{5D11E888-8C1D-4DF6-91FD-896A0C9584EA}.Debug|ARM.ActiveCfg = Debug|Any CPU
		{5D11E888-8C1D-4DF6-91FD-896A0C9584EA}.Debug|Mixed Platforms.ActiveCfg = Debug|Any CPU
		{5D11E888-8C1D-4DF6-91FD-896A0C9584EA}.Debug|Mixed Platforms.Build.0 = Debug|Any CPU
		{5D11E888-8C1D-4DF6-91FD-896A0C9584EA}.Debug|Win32.ActiveCfg = Debug|Any CPU
		{5D11E888-8C1D-4DF6-91FD-896A0C9584EA}.Debug|x64.ActiveCfg = Debug|Any CPU
		{5D11E888-8C1D-4DF6-91FD-896A0C9584EA}.Debug|x86.ActiveCfg = Debug|Any CPU
		{5D11E888-8C1D-4DF6-91FD-896A0C9584EA}.MTPro_setup|Any CPU.ActiveCfg = Debug|Any CPU
		{5D11E888-8C1D-4DF6-91FD-896A0C9584EA}.MTPro_setup|Any CPU.Build.0 = Debug|Any CPU
		{5D11E888-8C1D-4DF6-91FD-896A0C9584EA}.MTPro_setup|ARM.ActiveCfg = Debug|Any CPU
		{5D11E888-8C1D-4DF6-91FD-896A0C9584EA}.MTPro_setup|Mixed Platforms.ActiveCfg = Debug|Any CPU
		{5D11E888-8C1D-4DF6-91FD-896A0C9584EA}.MTPro_setup|Win32.ActiveCfg = Debug|Any CPU
		{5D11E888-8C1D-4DF6-91FD-896A0C9584EA}.MTPro_setup|x64.ActiveCfg = Debug|Any CPU
		{5D11E888-8C1D-4DF6-91FD-896A0C9584EA}.MTPro_setup|x86.ActiveCfg = Debug|Any CPU
		{5D11E888-8C1D-4DF6-91FD-896A0C9584EA}.MTPro|Any CPU.ActiveCfg = Debug|Any CPU
		{5D11E888-8C1D-4DF6-91FD-896A0C9584EA}.MTPro|Any CPU.Build.0 = Debug|Any CPU
		{5D11E888-8C1D-4DF6-91FD-896A0C9584EA}.MTPro|ARM.ActiveCfg = Debug|Any CPU
		{5D11E888-8C1D-4DF6-91FD-896A0C9584EA}.MTPro|Mixed Platforms.ActiveCfg = Debug|Any CPU
		{5D11E888-8C1D-4DF6-91FD-896A0C9584EA}.MTPro|Mixed Platforms.Build.0 = Debug|Any CPU
		{5D11E888-8C1D-4DF6-91FD-896A0C9584EA}.MTPro|Win32.ActiveCfg = Debug|Any CPU
		{5D11E888-8C1D-4DF6-91FD-896A0C9584EA}.MTPro|x64.ActiveCfg = Debug|Any CPU
		{5D11E888-8C1D-4DF6-91FD-896A0C9584EA}.MTPro|x86.ActiveCfg = Debug|Any CPU
		{5D11E888-8C1D-4DF6-91FD-896A0C9584EA}.Release_Presidency|Any CPU.ActiveCfg = Debug|Any CPU
		{5D11E888-8C1D-4DF6-91FD-896A0C9584EA}.Release_Presidency|ARM.ActiveCfg = Debug|Any CPU
		{5D11E888-8C1D-4DF6-91FD-896A0C9584EA}.Release_Presidency|Mixed Platforms.ActiveCfg = Debug|Any CPU
		{5D11E888-8C1D-4DF6-91FD-896A0C9584EA}.Release_Presidency|Win32.ActiveCfg = Debug|Any CPU
		{5D11E888-8C1D-4DF6-91FD-896A0C9584EA}.Release_Presidency|x64.ActiveCfg = Debug|Any CPU
		{5D11E888-8C1D-4DF6-91FD-896A0C9584EA}.Release_Presidency|x86.ActiveCfg = Debug|Any CPU
		{5D11E888-8C1D-4DF6-91FD-896A0C9584EA}.Release_setup|Any CPU.ActiveCfg = Debug|Any CPU
		{5D11E888-8C1D-4DF6-91FD-896A0C9584EA}.Release_setup|Any CPU.Build.0 = Debug|Any CPU
		{5D11E888-8C1D-4DF6-91FD-896A0C9584EA}.Release_setup|ARM.ActiveCfg = Debug|Any CPU
		{5D11E888-8C1D-4DF6-91FD-896A0C9584EA}.Release_setup|Mixed Platforms.ActiveCfg = Debug|Any CPU
		{5D11E888-8C1D-4DF6-91FD-896A0C9584EA}.Release_setup|Mixed Platforms.Build.0 = Debug|Any CPU
		{5D11E888-8C1D-4DF6-91FD-896A0C9584EA}.Release_setup|Win32.ActiveCfg = Debug|Any CPU
		{5D11E888-8C1D-4DF6-91FD-896A0C9584EA}.Release_setup|x64.ActiveCfg = Debug|Any CPU
		{5D11E888-8C1D-4DF6-91FD-896A0C9584EA}.Release_setup|x86.ActiveCfg = Debug|Any CPU
		{5D11E888-8C1D-4DF6-91FD-896A0C9584EA}.Release|Any CPU.ActiveCfg = Debug|Any CPU
		{5D11E888-8C1D-4DF6-91FD-896A0C9584EA}.Release|Any CPU.Build.0 = Debug|Any CPU
		{5D11E888-8C1D-4DF6-91FD-896A0C9584EA}.Release|ARM.ActiveCfg = Debug|Any CPU
		{5D11E888-8C1D-4DF6-91FD-896A0C9584EA}.Release|Mixed Platforms.ActiveCfg = Debug|Any CPU
		{5D11E888-8C1D-4DF6-91FD-896A0C9584EA}.Release|Mixed Platforms.Build.0 = Debug|Any CPU
		{5D11E888-8C1D-4DF6-91FD-896A0C9584EA}.Release|Win32.ActiveCfg = Debug|Any CPU
		{5D11E888-8C1D-4DF6-91FD-896A0C9584EA}.Release|x64.ActiveCfg = Debug|Any CPU
		{5D11E888-8C1D-4DF6-91FD-896A0C9584EA}.Release|x86.ActiveCfg = Debug|Any CPU
		{5D11E888-8C1D-4DF6-91FD-896A0C9584EA}.Wiki_setup|Any CPU.ActiveCfg = Debug|Any CPU
		{5D11E888-8C1D-4DF6-91FD-896A0C9584EA}.Wiki_setup|Any CPU.Build.0 = Debug|Any CPU
		{5D11E888-8C1D-4DF6-91FD-896A0C9584EA}.Wiki_setup|ARM.ActiveCfg = Debug|Any CPU
		{5D11E888-8C1D-4DF6-91FD-896A0C9584EA}.Wiki_setup|Mixed Platforms.ActiveCfg = Debug|Any CPU
		{5D11E888-8C1D-4DF6-91FD-896A0C9584EA}.Wiki_setup|Mixed Platforms.Build.0 = Debug|Any CPU
		{5D11E888-8C1D-4DF6-91FD-896A0C9584EA}.Wiki_setup|Win32.ActiveCfg = Debug|Any CPU
		{5D11E888-8C1D-4DF6-91FD-896A0C9584EA}.Wiki_setup|x64.ActiveCfg = Debug|Any CPU
		{5D11E888-8C1D-4DF6-91FD-896A0C9584EA}.Wiki_setup|x86.ActiveCfg = Debug|Any CPU
		{5D11E888-8C1D-4DF6-91FD-896A0C9584EA}.Wiki|Any CPU.ActiveCfg = Debug|Any CPU
		{5D11E888-8C1D-4DF6-91FD-896A0C9584EA}.Wiki|Any CPU.Build.0 = Debug|Any CPU
		{5D11E888-8C1D-4DF6-91FD-896A0C9584EA}.Wiki|ARM.ActiveCfg = Debug|Any CPU
		{5D11E888-8C1D-4DF6-91FD-896A0C9584EA}.Wiki|Mixed Platforms.ActiveCfg = Debug|Any CPU
		{5D11E888-8C1D-4DF6-91FD-896A0C9584EA}.Wiki|Mixed Platforms.Build.0 = Debug|Any CPU
		{5D11E888-8C1D-4DF6-91FD-896A0C9584EA}.Wiki|Win32.ActiveCfg = Debug|Any CPU
		{5D11E888-8C1D-4DF6-91FD-896A0C9584EA}.Wiki|x64.ActiveCfg = Debug|Any CPU
		{5D11E888-8C1D-4DF6-91FD-896A0C9584EA}.Wiki|x86.ActiveCfg = Debug|Any CPU
		{1DB9BCC3-2690-4D90-9404-0DAE1F157FEF}.Debug|Any CPU.ActiveCfg = Debug|Any CPU
		{1DB9BCC3-2690-4D90-9404-0DAE1F157FEF}.Debug|Any CPU.Build.0 = Debug|Any CPU
		{1DB9BCC3-2690-4D90-9404-0DAE1F157FEF}.Debug|ARM.ActiveCfg = Debug|Any CPU
		{1DB9BCC3-2690-4D90-9404-0DAE1F157FEF}.Debug|Mixed Platforms.ActiveCfg = Debug|Any CPU
		{1DB9BCC3-2690-4D90-9404-0DAE1F157FEF}.Debug|Mixed Platforms.Build.0 = Debug|Any CPU
		{1DB9BCC3-2690-4D90-9404-0DAE1F157FEF}.Debug|Win32.ActiveCfg = Debug|Any CPU
		{1DB9BCC3-2690-4D90-9404-0DAE1F157FEF}.Debug|x64.ActiveCfg = Debug|Any CPU
		{1DB9BCC3-2690-4D90-9404-0DAE1F157FEF}.Debug|x86.ActiveCfg = Debug|Any CPU
		{1DB9BCC3-2690-4D90-9404-0DAE1F157FEF}.MTPro_setup|Any CPU.ActiveCfg = Debug|Any CPU
		{1DB9BCC3-2690-4D90-9404-0DAE1F157FEF}.MTPro_setup|Any CPU.Build.0 = Debug|Any CPU
		{1DB9BCC3-2690-4D90-9404-0DAE1F157FEF}.MTPro_setup|ARM.ActiveCfg = Debug|Any CPU
		{1DB9BCC3-2690-4D90-9404-0DAE1F157FEF}.MTPro_setup|Mixed Platforms.ActiveCfg = Debug|Any CPU
		{1DB9BCC3-2690-4D90-9404-0DAE1F157FEF}.MTPro_setup|Win32.ActiveCfg = Debug|Any CPU
		{1DB9BCC3-2690-4D90-9404-0DAE1F157FEF}.MTPro_setup|x64.ActiveCfg = Debug|Any CPU
		{1DB9BCC3-2690-4D90-9404-0DAE1F157FEF}.MTPro_setup|x86.ActiveCfg = Debug|Any CPU
		{1DB9BCC3-2690-4D90-9404-0DAE1F157FEF}.MTPro|Any CPU.ActiveCfg = Debug|Any CPU
		{1DB9BCC3-2690-4D90-9404-0DAE1F157FEF}.MTPro|Any CPU.Build.0 = Debug|Any CPU
		{1DB9BCC3-2690-4D90-9404-0DAE1F157FEF}.MTPro|ARM.ActiveCfg = Debug|Any CPU
		{1DB9BCC3-2690-4D90-9404-0DAE1F157FEF}.MTPro|Mixed Platforms.ActiveCfg = Debug|Any CPU
		{1DB9BCC3-2690-4D90-9404-0DAE1F157FEF}.MTPro|Mixed Platforms.Build.0 = Debug|Any CPU
		{1DB9BCC3-2690-4D90-9404-0DAE1F157FEF}.MTPro|Win32.ActiveCfg = Debug|Any CPU
		{1DB9BCC3-2690-4D90-9404-0DAE1F157FEF}.MTPro|x64.ActiveCfg = Debug|Any CPU
		{1DB9BCC3-2690-4D90-9404-0DAE1F157FEF}.MTPro|x86.ActiveCfg = Debug|Any CPU
		{1DB9BCC3-2690-4D90-9404-0DAE1F157FEF}.Release_Presidency|Any CPU.ActiveCfg = Debug|Any CPU
		{1DB9BCC3-2690-4D90-9404-0DAE1F157FEF}.Release_Presidency|ARM.ActiveCfg = Debug|Any CPU
		{1DB9BCC3-2690-4D90-9404-0DAE1F157FEF}.Release_Presidency|Mixed Platforms.ActiveCfg = Debug|Any CPU
		{1DB9BCC3-2690-4D90-9404-0DAE1F157FEF}.Release_Presidency|Win32.ActiveCfg = Debug|Any CPU
		{1DB9BCC3-2690-4D90-9404-0DAE1F157FEF}.Release_Presidency|x64.ActiveCfg = Debug|Any CPU
		{1DB9BCC3-2690-4D90-9404-0DAE1F157FEF}.Release_Presidency|x86.ActiveCfg = Debug|Any CPU
		{1DB9BCC3-2690-4D90-9404-0DAE1F157FEF}.Release_setup|Any CPU.ActiveCfg = Debug|Any CPU
		{1DB9BCC3-2690-4D90-9404-0DAE1F157FEF}.Release_setup|Any CPU.Build.0 = Debug|Any CPU
		{1DB9BCC3-2690-4D90-9404-0DAE1F157FEF}.Release_setup|ARM.ActiveCfg = Debug|Any CPU
		{1DB9BCC3-2690-4D90-9404-0DAE1F157FEF}.Release_setup|Mixed Platforms.ActiveCfg = Debug|Any CPU
		{1DB9BCC3-2690-4D90-9404-0DAE1F157FEF}.Release_setup|Mixed Platforms.Build.0 = Debug|Any CPU
		{1DB9BCC3-2690-4D90-9404-0DAE1F157FEF}.Release_setup|Win32.ActiveCfg = Debug|Any CPU
		{1DB9BCC3-2690-4D90-9404-0DAE1F157FEF}.Release_setup|x64.ActiveCfg = Debug|Any CPU
		{1DB9BCC3-2690-4D90-9404-0DAE1F157FEF}.Release_setup|x86.ActiveCfg = Debug|Any CPU
		{1DB9BCC3-2690-4D90-9404-0DAE1F157FEF}.Release|Any CPU.ActiveCfg = Debug|Any CPU
		{1DB9BCC3-2690-4D90-9404-0DAE1F157FEF}.Release|Any CPU.Build.0 = Debug|Any CPU
		{1DB9BCC3-2690-4D90-9404-0DAE1F157FEF}.Release|ARM.ActiveCfg = Debug|Any CPU
		{1DB9BCC3-2690-4D90-9404-0DAE1F157FEF}.Release|Mixed Platforms.ActiveCfg = Debug|Any CPU
		{1DB9BCC3-2690-4D90-9404-0DAE1F157FEF}.Release|Mixed Platforms.Build.0 = Debug|Any CPU
		{1DB9BCC3-2690-4D90-9404-0DAE1F157FEF}.Release|Win32.ActiveCfg = Debug|Any CPU
		{1DB9BCC3-2690-4D90-9404-0DAE1F157FEF}.Release|x64.ActiveCfg = Debug|Any CPU
		{1DB9BCC3-2690-4D90-9404-0DAE1F157FEF}.Release|x86.ActiveCfg = Debug|Any CPU
		{1DB9BCC3-2690-4D90-9404-0DAE1F157FEF}.Wiki_setup|Any CPU.ActiveCfg = Debug|Any CPU
		{1DB9BCC3-2690-4D90-9404-0DAE1F157FEF}.Wiki_setup|Any CPU.Build.0 = Debug|Any CPU
		{1DB9BCC3-2690-4D90-9404-0DAE1F157FEF}.Wiki_setup|ARM.ActiveCfg = Debug|Any CPU
		{1DB9BCC3-2690-4D90-9404-0DAE1F157FEF}.Wiki_setup|Mixed Platforms.ActiveCfg = Debug|Any CPU
		{1DB9BCC3-2690-4D90-9404-0DAE1F157FEF}.Wiki_setup|Mixed Platforms.Build.0 = Debug|Any CPU
		{1DB9BCC3-2690-4D90-9404-0DAE1F157FEF}.Wiki_setup|Win32.ActiveCfg = Debug|Any CPU
		{1DB9BCC3-2690-4D90-9404-0DAE1F157FEF}.Wiki_setup|x64.ActiveCfg = Debug|Any CPU
		{1DB9BCC3-2690-4D90-9404-0DAE1F157FEF}.Wiki_setup|x86.ActiveCfg = Debug|Any CPU
		{1DB9BCC3-2690-4D90-9404-0DAE1F157FEF}.Wiki|Any CPU.ActiveCfg = Debug|Any CPU
		{1DB9BCC3-2690-4D90-9404-0DAE1F157FEF}.Wiki|Any CPU.Build.0 = Debug|Any CPU
		{1DB9BCC3-2690-4D90-9404-0DAE1F157FEF}.Wiki|ARM.ActiveCfg = Debug|Any CPU
		{1DB9BCC3-2690-4D90-9404-0DAE1F157FEF}.Wiki|Mixed Platforms.ActiveCfg = Debug|Any CPU
		{1DB9BCC3-2690-4D90-9404-0DAE1F157FEF}.Wiki|Mixed Platforms.Build.0 = Debug|Any CPU
		{1DB9BCC3-2690-4D90-9404-0DAE1F157FEF}.Wiki|Win32.ActiveCfg = Debug|Any CPU
		{1DB9BCC3-2690-4D90-9404-0DAE1F157FEF}.Wiki|x64.ActiveCfg = Debug|Any CPU
		{1DB9BCC3-2690-4D90-9404-0DAE1F157FEF}.Wiki|x86.ActiveCfg = Debug|Any CPU
		{03D70AE8-8795-4FD7-9153-35D2D31F9CF5}.Debug|Any CPU.ActiveCfg = Debug|Any CPU
		{03D70AE8-8795-4FD7-9153-35D2D31F9CF5}.Debug|Any CPU.Build.0 = Debug|Any CPU
		{03D70AE8-8795-4FD7-9153-35D2D31F9CF5}.Debug|ARM.ActiveCfg = Debug|Any CPU
		{03D70AE8-8795-4FD7-9153-35D2D31F9CF5}.Debug|Mixed Platforms.ActiveCfg = Debug|Any CPU
		{03D70AE8-8795-4FD7-9153-35D2D31F9CF5}.Debug|Mixed Platforms.Build.0 = Debug|Any CPU
		{03D70AE8-8795-4FD7-9153-35D2D31F9CF5}.Debug|Win32.ActiveCfg = Debug|Any CPU
		{03D70AE8-8795-4FD7-9153-35D2D31F9CF5}.Debug|x64.ActiveCfg = Debug|Any CPU
		{03D70AE8-8795-4FD7-9153-35D2D31F9CF5}.Debug|x86.ActiveCfg = Debug|Any CPU
		{03D70AE8-8795-4FD7-9153-35D2D31F9CF5}.MTPro_setup|Any CPU.ActiveCfg = Debug|Any CPU
		{03D70AE8-8795-4FD7-9153-35D2D31F9CF5}.MTPro_setup|Any CPU.Build.0 = Debug|Any CPU
		{03D70AE8-8795-4FD7-9153-35D2D31F9CF5}.MTPro_setup|ARM.ActiveCfg = Debug|Any CPU
		{03D70AE8-8795-4FD7-9153-35D2D31F9CF5}.MTPro_setup|Mixed Platforms.ActiveCfg = Debug|Any CPU
		{03D70AE8-8795-4FD7-9153-35D2D31F9CF5}.MTPro_setup|Mixed Platforms.Build.0 = Debug|Any CPU
		{03D70AE8-8795-4FD7-9153-35D2D31F9CF5}.MTPro_setup|Win32.ActiveCfg = Debug|Any CPU
		{03D70AE8-8795-4FD7-9153-35D2D31F9CF5}.MTPro_setup|x64.ActiveCfg = Debug|Any CPU
		{03D70AE8-8795-4FD7-9153-35D2D31F9CF5}.MTPro_setup|x86.ActiveCfg = Debug|Any CPU
		{03D70AE8-8795-4FD7-9153-35D2D31F9CF5}.MTPro|Any CPU.ActiveCfg = Debug|Any CPU
		{03D70AE8-8795-4FD7-9153-35D2D31F9CF5}.MTPro|Any CPU.Build.0 = Debug|Any CPU
		{03D70AE8-8795-4FD7-9153-35D2D31F9CF5}.MTPro|ARM.ActiveCfg = Debug|Any CPU
		{03D70AE8-8795-4FD7-9153-35D2D31F9CF5}.MTPro|Mixed Platforms.ActiveCfg = Debug|Any CPU
		{03D70AE8-8795-4FD7-9153-35D2D31F9CF5}.MTPro|Mixed Platforms.Build.0 = Debug|Any CPU
		{03D70AE8-8795-4FD7-9153-35D2D31F9CF5}.MTPro|Win32.ActiveCfg = Debug|Any CPU
		{03D70AE8-8795-4FD7-9153-35D2D31F9CF5}.MTPro|x64.ActiveCfg = Debug|Any CPU
		{03D70AE8-8795-4FD7-9153-35D2D31F9CF5}.MTPro|x86.ActiveCfg = Debug|Any CPU
		{03D70AE8-8795-4FD7-9153-35D2D31F9CF5}.Release_Presidency|Any CPU.ActiveCfg = Debug|Any CPU
		{03D70AE8-8795-4FD7-9153-35D2D31F9CF5}.Release_Presidency|Any CPU.Build.0 = Debug|Any CPU
		{03D70AE8-8795-4FD7-9153-35D2D31F9CF5}.Release_Presidency|ARM.ActiveCfg = Debug|Any CPU
		{03D70AE8-8795-4FD7-9153-35D2D31F9CF5}.Release_Presidency|ARM.Build.0 = Debug|Any CPU
		{03D70AE8-8795-4FD7-9153-35D2D31F9CF5}.Release_Presidency|Mixed Platforms.ActiveCfg = Debug|Any CPU
		{03D70AE8-8795-4FD7-9153-35D2D31F9CF5}.Release_Presidency|Mixed Platforms.Build.0 = Debug|Any CPU
		{03D70AE8-8795-4FD7-9153-35D2D31F9CF5}.Release_Presidency|Win32.ActiveCfg = Debug|Any CPU
		{03D70AE8-8795-4FD7-9153-35D2D31F9CF5}.Release_Presidency|Win32.Build.0 = Debug|Any CPU
		{03D70AE8-8795-4FD7-9153-35D2D31F9CF5}.Release_Presidency|x64.ActiveCfg = Debug|Any CPU
		{03D70AE8-8795-4FD7-9153-35D2D31F9CF5}.Release_Presidency|x64.Build.0 = Debug|Any CPU
		{03D70AE8-8795-4FD7-9153-35D2D31F9CF5}.Release_Presidency|x86.ActiveCfg = Debug|Any CPU
		{03D70AE8-8795-4FD7-9153-35D2D31F9CF5}.Release_Presidency|x86.Build.0 = Debug|Any CPU
		{03D70AE8-8795-4FD7-9153-35D2D31F9CF5}.Release_setup|Any CPU.ActiveCfg = Debug|Any CPU
		{03D70AE8-8795-4FD7-9153-35D2D31F9CF5}.Release_setup|Any CPU.Build.0 = Debug|Any CPU
		{03D70AE8-8795-4FD7-9153-35D2D31F9CF5}.Release_setup|ARM.ActiveCfg = Debug|Any CPU
		{03D70AE8-8795-4FD7-9153-35D2D31F9CF5}.Release_setup|Mixed Platforms.ActiveCfg = Debug|Any CPU
		{03D70AE8-8795-4FD7-9153-35D2D31F9CF5}.Release_setup|Mixed Platforms.Build.0 = Debug|Any CPU
		{03D70AE8-8795-4FD7-9153-35D2D31F9CF5}.Release_setup|Win32.ActiveCfg = Debug|Any CPU
		{03D70AE8-8795-4FD7-9153-35D2D31F9CF5}.Release_setup|x64.ActiveCfg = Debug|Any CPU
		{03D70AE8-8795-4FD7-9153-35D2D31F9CF5}.Release_setup|x86.ActiveCfg = Debug|Any CPU
		{03D70AE8-8795-4FD7-9153-35D2D31F9CF5}.Release|Any CPU.ActiveCfg = Debug|Any CPU
		{03D70AE8-8795-4FD7-9153-35D2D31F9CF5}.Release|Any CPU.Build.0 = Debug|Any CPU
		{03D70AE8-8795-4FD7-9153-35D2D31F9CF5}.Release|ARM.ActiveCfg = Debug|Any CPU
		{03D70AE8-8795-4FD7-9153-35D2D31F9CF5}.Release|Mixed Platforms.ActiveCfg = Debug|Any CPU
		{03D70AE8-8795-4FD7-9153-35D2D31F9CF5}.Release|Mixed Platforms.Build.0 = Debug|Any CPU
		{03D70AE8-8795-4FD7-9153-35D2D31F9CF5}.Release|Win32.ActiveCfg = Debug|Any CPU
		{03D70AE8-8795-4FD7-9153-35D2D31F9CF5}.Release|x64.ActiveCfg = Debug|Any CPU
		{03D70AE8-8795-4FD7-9153-35D2D31F9CF5}.Release|x86.ActiveCfg = Debug|Any CPU
		{03D70AE8-8795-4FD7-9153-35D2D31F9CF5}.Wiki_setup|Any CPU.ActiveCfg = Debug|Any CPU
		{03D70AE8-8795-4FD7-9153-35D2D31F9CF5}.Wiki_setup|Any CPU.Build.0 = Debug|Any CPU
		{03D70AE8-8795-4FD7-9153-35D2D31F9CF5}.Wiki_setup|ARM.ActiveCfg = Debug|Any CPU
		{03D70AE8-8795-4FD7-9153-35D2D31F9CF5}.Wiki_setup|Mixed Platforms.ActiveCfg = Debug|Any CPU
		{03D70AE8-8795-4FD7-9153-35D2D31F9CF5}.Wiki_setup|Mixed Platforms.Build.0 = Debug|Any CPU
		{03D70AE8-8795-4FD7-9153-35D2D31F9CF5}.Wiki_setup|Win32.ActiveCfg = Debug|Any CPU
		{03D70AE8-8795-4FD7-9153-35D2D31F9CF5}.Wiki_setup|x64.ActiveCfg = Debug|Any CPU
		{03D70AE8-8795-4FD7-9153-35D2D31F9CF5}.Wiki_setup|x86.ActiveCfg = Debug|Any CPU
		{03D70AE8-8795-4FD7-9153-35D2D31F9CF5}.Wiki|Any CPU.ActiveCfg = Debug|Any CPU
		{03D70AE8-8795-4FD7-9153-35D2D31F9CF5}.Wiki|Any CPU.Build.0 = Debug|Any CPU
		{03D70AE8-8795-4FD7-9153-35D2D31F9CF5}.Wiki|ARM.ActiveCfg = Debug|Any CPU
		{03D70AE8-8795-4FD7-9153-35D2D31F9CF5}.Wiki|Mixed Platforms.ActiveCfg = Debug|Any CPU
		{03D70AE8-8795-4FD7-9153-35D2D31F9CF5}.Wiki|Mixed Platforms.Build.0 = Debug|Any CPU
		{03D70AE8-8795-4FD7-9153-35D2D31F9CF5}.Wiki|Win32.ActiveCfg = Debug|Any CPU
		{03D70AE8-8795-4FD7-9153-35D2D31F9CF5}.Wiki|x64.ActiveCfg = Debug|Any CPU
		{03D70AE8-8795-4FD7-9153-35D2D31F9CF5}.Wiki|x86.ActiveCfg = Debug|Any CPU
		{9A16A574-D761-499D-AE92-2C1CBE2F1427}.Debug|Any CPU.ActiveCfg = Debug|Any CPU
		{9A16A574-D761-499D-AE92-2C1CBE2F1427}.Debug|Any CPU.Build.0 = Debug|Any CPU
		{9A16A574-D761-499D-AE92-2C1CBE2F1427}.Debug|ARM.ActiveCfg = Debug|Any CPU
		{9A16A574-D761-499D-AE92-2C1CBE2F1427}.Debug|ARM.Build.0 = Debug|Any CPU
		{9A16A574-D761-499D-AE92-2C1CBE2F1427}.Debug|Mixed Platforms.ActiveCfg = Debug|Any CPU
		{9A16A574-D761-499D-AE92-2C1CBE2F1427}.Debug|Mixed Platforms.Build.0 = Debug|Any CPU
		{9A16A574-D761-499D-AE92-2C1CBE2F1427}.Debug|Win32.ActiveCfg = Debug|Any CPU
		{9A16A574-D761-499D-AE92-2C1CBE2F1427}.Debug|Win32.Build.0 = Debug|Any CPU
		{9A16A574-D761-499D-AE92-2C1CBE2F1427}.Debug|x64.ActiveCfg = Debug|Any CPU
		{9A16A574-D761-499D-AE92-2C1CBE2F1427}.Debug|x64.Build.0 = Debug|Any CPU
		{9A16A574-D761-499D-AE92-2C1CBE2F1427}.Debug|x86.ActiveCfg = Debug|Any CPU
		{9A16A574-D761-499D-AE92-2C1CBE2F1427}.Debug|x86.Build.0 = Debug|Any CPU
		{9A16A574-D761-499D-AE92-2C1CBE2F1427}.MTPro_setup|Any CPU.ActiveCfg = Debug|Any CPU
		{9A16A574-D761-499D-AE92-2C1CBE2F1427}.MTPro_setup|Any CPU.Build.0 = Debug|Any CPU
		{9A16A574-D761-499D-AE92-2C1CBE2F1427}.MTPro_setup|ARM.ActiveCfg = Debug|Any CPU
		{9A16A574-D761-499D-AE92-2C1CBE2F1427}.MTPro_setup|ARM.Build.0 = Debug|Any CPU
		{9A16A574-D761-499D-AE92-2C1CBE2F1427}.MTPro_setup|Mixed Platforms.ActiveCfg = Debug|Any CPU
		{9A16A574-D761-499D-AE92-2C1CBE2F1427}.MTPro_setup|Mixed Platforms.Build.0 = Debug|Any CPU
		{9A16A574-D761-499D-AE92-2C1CBE2F1427}.MTPro_setup|Win32.ActiveCfg = Debug|Any CPU
		{9A16A574-D761-499D-AE92-2C1CBE2F1427}.MTPro_setup|Win32.Build.0 = Debug|Any CPU
		{9A16A574-D761-499D-AE92-2C1CBE2F1427}.MTPro_setup|x64.ActiveCfg = Debug|Any CPU
		{9A16A574-D761-499D-AE92-2C1CBE2F1427}.MTPro_setup|x64.Build.0 = Debug|Any CPU
		{9A16A574-D761-499D-AE92-2C1CBE2F1427}.MTPro_setup|x86.ActiveCfg = Debug|Any CPU
		{9A16A574-D761-499D-AE92-2C1CBE2F1427}.MTPro_setup|x86.Build.0 = Debug|Any CPU
		{9A16A574-D761-499D-AE92-2C1CBE2F1427}.MTPro|Any CPU.ActiveCfg = Debug|Any CPU
		{9A16A574-D761-499D-AE92-2C1CBE2F1427}.MTPro|Any CPU.Build.0 = Debug|Any CPU
		{9A16A574-D761-499D-AE92-2C1CBE2F1427}.MTPro|ARM.ActiveCfg = Debug|Any CPU
		{9A16A574-D761-499D-AE92-2C1CBE2F1427}.MTPro|ARM.Build.0 = Debug|Any CPU
		{9A16A574-D761-499D-AE92-2C1CBE2F1427}.MTPro|Mixed Platforms.ActiveCfg = Debug|Any CPU
		{9A16A574-D761-499D-AE92-2C1CBE2F1427}.MTPro|Mixed Platforms.Build.0 = Debug|Any CPU
		{9A16A574-D761-499D-AE92-2C1CBE2F1427}.MTPro|Win32.ActiveCfg = Debug|Any CPU
		{9A16A574-D761-499D-AE92-2C1CBE2F1427}.MTPro|Win32.Build.0 = Debug|Any CPU
		{9A16A574-D761-499D-AE92-2C1CBE2F1427}.MTPro|x64.ActiveCfg = Debug|Any CPU
		{9A16A574-D761-499D-AE92-2C1CBE2F1427}.MTPro|x64.Build.0 = Debug|Any CPU
		{9A16A574-D761-499D-AE92-2C1CBE2F1427}.MTPro|x86.ActiveCfg = Debug|Any CPU
		{9A16A574-D761-499D-AE92-2C1CBE2F1427}.MTPro|x86.Build.0 = Debug|Any CPU
		{9A16A574-D761-499D-AE92-2C1CBE2F1427}.Release_Presidency|Any CPU.ActiveCfg = Debug|Any CPU
		{9A16A574-D761-499D-AE92-2C1CBE2F1427}.Release_Presidency|ARM.ActiveCfg = Debug|Any CPU
		{9A16A574-D761-499D-AE92-2C1CBE2F1427}.Release_Presidency|Mixed Platforms.ActiveCfg = Debug|Any CPU
		{9A16A574-D761-499D-AE92-2C1CBE2F1427}.Release_Presidency|Win32.ActiveCfg = Debug|Any CPU
		{9A16A574-D761-499D-AE92-2C1CBE2F1427}.Release_Presidency|x64.ActiveCfg = Debug|Any CPU
		{9A16A574-D761-499D-AE92-2C1CBE2F1427}.Release_Presidency|x86.ActiveCfg = Debug|Any CPU
		{9A16A574-D761-499D-AE92-2C1CBE2F1427}.Release_setup|Any CPU.ActiveCfg = Debug|Any CPU
		{9A16A574-D761-499D-AE92-2C1CBE2F1427}.Release_setup|Any CPU.Build.0 = Debug|Any CPU
		{9A16A574-D761-499D-AE92-2C1CBE2F1427}.Release_setup|ARM.ActiveCfg = Debug|Any CPU
		{9A16A574-D761-499D-AE92-2C1CBE2F1427}.Release_setup|ARM.Build.0 = Debug|Any CPU
		{9A16A574-D761-499D-AE92-2C1CBE2F1427}.Release_setup|Mixed Platforms.ActiveCfg = Debug|Any CPU
		{9A16A574-D761-499D-AE92-2C1CBE2F1427}.Release_setup|Mixed Platforms.Build.0 = Debug|Any CPU
		{9A16A574-D761-499D-AE92-2C1CBE2F1427}.Release_setup|Win32.ActiveCfg = Debug|Any CPU
		{9A16A574-D761-499D-AE92-2C1CBE2F1427}.Release_setup|Win32.Build.0 = Debug|Any CPU
		{9A16A574-D761-499D-AE92-2C1CBE2F1427}.Release_setup|x64.ActiveCfg = Debug|Any CPU
		{9A16A574-D761-499D-AE92-2C1CBE2F1427}.Release_setup|x64.Build.0 = Debug|Any CPU
		{9A16A574-D761-499D-AE92-2C1CBE2F1427}.Release_setup|x86.ActiveCfg = Debug|Any CPU
		{9A16A574-D761-499D-AE92-2C1CBE2F1427}.Release_setup|x86.Build.0 = Debug|Any CPU
		{9A16A574-D761-499D-AE92-2C1CBE2F1427}.Release|Any CPU.ActiveCfg = Debug|Any CPU
		{9A16A574-D761-499D-AE92-2C1CBE2F1427}.Release|Any CPU.Build.0 = Debug|Any CPU
		{9A16A574-D761-499D-AE92-2C1CBE2F1427}.Release|ARM.ActiveCfg = Debug|Any CPU
		{9A16A574-D761-499D-AE92-2C1CBE2F1427}.Release|ARM.Build.0 = Debug|Any CPU
		{9A16A574-D761-499D-AE92-2C1CBE2F1427}.Release|Mixed Platforms.ActiveCfg = Debug|Any CPU
		{9A16A574-D761-499D-AE92-2C1CBE2F1427}.Release|Mixed Platforms.Build.0 = Debug|Any CPU
		{9A16A574-D761-499D-AE92-2C1CBE2F1427}.Release|Win32.ActiveCfg = Debug|Any CPU
		{9A16A574-D761-499D-AE92-2C1CBE2F1427}.Release|Win32.Build.0 = Debug|Any CPU
		{9A16A574-D761-499D-AE92-2C1CBE2F1427}.Release|x64.ActiveCfg = Debug|Any CPU
		{9A16A574-D761-499D-AE92-2C1CBE2F1427}.Release|x64.Build.0 = Debug|Any CPU
		{9A16A574-D761-499D-AE92-2C1CBE2F1427}.Release|x86.ActiveCfg = Debug|Any CPU
		{9A16A574-D761-499D-AE92-2C1CBE2F1427}.Release|x86.Build.0 = Debug|Any CPU
		{9A16A574-D761-499D-AE92-2C1CBE2F1427}.Wiki_setup|Any CPU.ActiveCfg = Debug|Any CPU
		{9A16A574-D761-499D-AE92-2C1CBE2F1427}.Wiki_setup|Any CPU.Build.0 = Debug|Any CPU
		{9A16A574-D761-499D-AE92-2C1CBE2F1427}.Wiki_setup|ARM.ActiveCfg = Debug|Any CPU
		{9A16A574-D761-499D-AE92-2C1CBE2F1427}.Wiki_setup|ARM.Build.0 = Debug|Any CPU
		{9A16A574-D761-499D-AE92-2C1CBE2F1427}.Wiki_setup|Mixed Platforms.ActiveCfg = Debug|Any CPU
		{9A16A574-D761-499D-AE92-2C1CBE2F1427}.Wiki_setup|Mixed Platforms.Build.0 = Debug|Any CPU
		{9A16A574-D761-499D-AE92-2C1CBE2F1427}.Wiki_setup|Win32.ActiveCfg = Debug|Any CPU
		{9A16A574-D761-499D-AE92-2C1CBE2F1427}.Wiki_setup|Win32.Build.0 = Debug|Any CPU
		{9A16A574-D761-499D-AE92-2C1CBE2F1427}.Wiki_setup|x64.ActiveCfg = Debug|Any CPU
		{9A16A574-D761-499D-AE92-2C1CBE2F1427}.Wiki_setup|x64.Build.0 = Debug|Any CPU
		{9A16A574-D761-499D-AE92-2C1CBE2F1427}.Wiki_setup|x86.ActiveCfg = Debug|Any CPU
		{9A16A574-D761-499D-AE92-2C1CBE2F1427}.Wiki_setup|x86.Build.0 = Debug|Any CPU
		{9A16A574-D761-499D-AE92-2C1CBE2F1427}.Wiki|Any CPU.ActiveCfg = Debug|Any CPU
		{9A16A574-D761-499D-AE92-2C1CBE2F1427}.Wiki|Any CPU.Build.0 = Debug|Any CPU
		{9A16A574-D761-499D-AE92-2C1CBE2F1427}.Wiki|ARM.ActiveCfg = Debug|Any CPU
		{9A16A574-D761-499D-AE92-2C1CBE2F1427}.Wiki|ARM.Build.0 = Debug|Any CPU
		{9A16A574-D761-499D-AE92-2C1CBE2F1427}.Wiki|Mixed Platforms.ActiveCfg = Debug|Any CPU
		{9A16A574-D761-499D-AE92-2C1CBE2F1427}.Wiki|Mixed Platforms.Build.0 = Debug|Any CPU
		{9A16A574-D761-499D-AE92-2C1CBE2F1427}.Wiki|Win32.ActiveCfg = Debug|Any CPU
		{9A16A574-D761-499D-AE92-2C1CBE2F1427}.Wiki|Win32.Build.0 = Debug|Any CPU
		{9A16A574-D761-499D-AE92-2C1CBE2F1427}.Wiki|x64.ActiveCfg = Debug|Any CPU
		{9A16A574-D761-499D-AE92-2C1CBE2F1427}.Wiki|x64.Build.0 = Debug|Any CPU
		{9A16A574-D761-499D-AE92-2C1CBE2F1427}.Wiki|x86.ActiveCfg = Debug|Any CPU
		{9A16A574-D761-499D-AE92-2C1CBE2F1427}.Wiki|x86.Build.0 = Debug|Any CPU
	EndGlobalSection
	GlobalSection(SolutionProperties) = preSolution
		HideSolutionNode = FALSE
	EndGlobalSection
	GlobalSection(NestedProjects) = preSolution
		{4CA809E9-3133-4860-89B1-431D8F9CFAFD} = {1826309A-4ABB-4BA7-B709-C944C1E2519D}
		{5D11E888-8C1D-4DF6-91FD-896A0C9584EA} = {5DDE6432-B0CB-4000-B4FD-FE3E54F15904}
		{1DB9BCC3-2690-4D90-9404-0DAE1F157FEF} = {E349F364-AA88-42AD-811A-96FA2362AB7B}
		{03D70AE8-8795-4FD7-9153-35D2D31F9CF5} = {BE253E68-1FED-44DC-B7BE-35771EFFC036}
		{9A16A574-D761-499D-AE92-2C1CBE2F1427} = {5F7EB13F-E1B2-4E1D-9C2E-33C5CF7AE419}
	EndGlobalSection
	GlobalSection(ExtensibilityGlobals) = postSolution
		SolutionGuid = {EB107E00-06D6-4D7F-888A-2AE30F546ED8}
	EndGlobalSection
EndGlobal
