
Microsoft Visual Studio Solution File, Format Version 12.00
# Visual Studio 2012
Project("{FAE04EC0-301F-11D3-BF4B-00C04F79EFBC}") = "PresidencySeleniumTests", "PresidencySeleniumTests\PresidencySeleniumTests.csproj", "{0B0ECF13-DEE4-4BAD-8689-5310840CB83B}"
EndProject
Global
	GlobalSection(SolutionConfigurationPlatforms) = preSolution
		Debug|Any CPU = Debug|Any CPU
		Release|Any CPU = Release|Any CPU
	EndGlobalSection
	GlobalSection(ProjectConfigurationPlatforms) = postSolution
		{0B0ECF13-DEE4-4BAD-8689-5310840CB83B}.Debug|Any CPU.ActiveCfg = Debug|Any CPU
		{0B0ECF13-DEE4-4BAD-8689-5310840CB83B}.Debug|Any CPU.Build.0 = Debug|Any CPU
		{0B0ECF13-DEE4-4BAD-8689-5310840CB83B}.Release|Any CPU.ActiveCfg = Release|Any CPU
		{0B0ECF13-DEE4-4BAD-8689-5310840CB83B}.Release|Any CPU.Build.0 = Release|Any CPU
	EndGlobalSection
	GlobalSection(SolutionProperties) = preSolution
		HideSolutionNode = FALSE
	EndGlobalSection
EndGlobal
